{
  "lockfile_version": "1",
  "packages": {
    "github:NixOS/nixpkgs/nixpkgs-unstable": {
      "last_modified": "2026-02-11T21:01:36Z",
      "resolved": "github:NixOS/nixpkgs/2343bbb58f99267223bc2aac4fc9ea301a155a16?lastModified=1770843696&narHash=sha256-LovWTGDwXhkfCOmbgLVA10bvsi%2FP8eDDpRudgk68HA8%3D"
    },
    "tailwindcss_4@4.1.18": {
      "last_modified": "2026-01-23T17:20:52Z",
      "resolved": "github:NixOS/nixpkgs/a1bab9e494f5f4939442a57a58d0449a109593fe#tailwindcss_4",
      "source": "devbox-search",
      "version": "4.1.18",
      "systems": {
        "aarch64-darwin": {
          "outputs": [
            {
              "name": "out",
              "path": "/nix/store/lmgjcsk5sc4x799f248g4cd8f5j6b86a-tailwindcss_4-4.1.18",
              "default": true
            }
          ],
          "store_path": "/nix/store/lmgjcsk5sc4x799f248g4cd8f5j6b86a-tailwindcss_4-4.1.18"
        },
        "aarch64-linux": {
          "outputs": [
            {
              "name": "out",
              "path": "/nix/store/3vb9w1mj555l0d0l0090d1h2h78p8x38-tailwindcss_4-4.1.18",
              "default": true
            }
          ],
          "store_path": "/nix/store/3vb9w1mj555l0d0l0090d1h2h78p8x38-tailwindcss_4-4.1.18"
        },
        "x86_64-darwin": {
          "outputs": [
            {
              "name": "out",
              "path": "/nix/store/p8sc0c40nil2xga0z7qm7rk7njjl3pw8-tailwindcss_4-4.1.18",
              "default": true
            }
          ],
          "store_path": "/nix/store/p8sc0c40nil2xga0z7qm7rk7njjl3pw8-tailwindcss_4-4.1.18"
        },
        "x86_64-linux": {
          "outputs": [
            {
              "name": "out",
              "path": "/nix/store/jj9jxh1ijpdd2ll0d1ngag6yq613r6yk-tailwindcss_4-4.1.18",
              "default": true
            }
          ],
          "store_path": "/nix/store/jj9jxh1ijpdd2ll0d1ngag6yq613r6yk-tailwindcss_4-4.1.18"
        }
      }
    }
  }
}
