{
  "lockfile_version": "1",
  "packages": {
    "github:NixOS/nixpkgs/nixpkgs-unstable": {
      "last_modified": "2026-03-16T02:27:38Z",
      "resolved": "github:NixOS/nixpkgs/f8573b9c935cfaa162dd62cc9e75ae2db86f85df?lastModified=1773628058&narHash=sha256-hpXH0z3K9xv0fHaje136KY872VT2T5uwxtezlAskQgY%3D"
    },
    "tailwindcss_4@latest": {
      "last_modified": "2026-08-27T07:16:00Z",
      "resolved": "github:NixOS/nixpkgs/c27cdad491a991b11ed731760aa2ef8db0cb0410#tailwindcss_4",
      "source": "devbox-search",
      "version": "4.3.3",
      "systems": {
        "aarch64-darwin": {
          "outputs": [
            {
              "name": "out",
              "path": "/nix/store/46daiz6mhh2w2crwj46sh1ga9mav3sc7-tailwindcss_4-4.3.3",
              "default": true
            }
          ],
          "store_path": "/nix/store/46daiz6mhh2w2crwj46sh1ga9mav3sc7-tailwindcss_4-4.3.3"
        },
        "aarch64-linux": {
          "outputs": [
            {
              "name": "out",
              "path": "/nix/store/vilszpdcx8k7vhddk5s0cp22hi7wdkvj-tailwindcss_4-4.3.3",
              "default": true
            }
          ],
          "store_path": "/nix/store/vilszpdcx8k7vhddk5s0cp22hi7wdkvj-tailwindcss_4-4.3.3"
        },
        "x86_64-linux": {
          "outputs": [
            {
              "name": "out",
              "path": "/nix/store/cslxcx72gg4lzgnc8nwfbp5gl9hznap0-tailwindcss_4-4.3.3",
              "default": true
            }
          ],
          "store_path": "/nix/store/cslxcx72gg4lzgnc8nwfbp5gl9hznap0-tailwindcss_4-4.3.3"
        }
      }
    }
  }
}
